<?xml version="1.0" encoding="utf-8"?>
<Project ToolsVersion="4.0" xmlns="http://schemas.microsoft.com/developer/msbuild/2003">
  <ItemGroup>
    <Filter Include="源文件">
      <UniqueIdentifier>{4FC737F1-C7A5-4376-A066-2A32D752A2FF}</UniqueIdentifier>
      <Extensions>cpp;c;cc;cxx;c++;cppm;ixx;def;odl;idl;hpj;bat;asm;asmx</Extensions>
    </Filter>
    <Filter Include="头文件">
      <UniqueIdentifier>{93995380-89BD-4b04-88EB-625FBE52EBFB}</UniqueIdentifier>
      <Extensions>h;hh;hpp;hxx;h++;hm;inl;inc;ipp;xsd</Extensions>
    </Filter>
    <Filter Include="资源文件">
      <UniqueIdentifier>{67DA6AB6-F800-4c08-8B7A-83BB121AAD01}</UniqueIdentifier>
      <Extensions>rc;ico;cur;bmp;dlg;rc2;rct;bin;rgs;gif;jpg;jpeg;jpe;resx;tiff;tif;png;wav;mfcribbon-ms</Extensions>
    </Filter>
    <Filter Include="作业">
      <UniqueIdentifier>{6ffe1108-0218-4d83-81fa-150378444fad}</UniqueIdentifier>
    </Filter>
    <Filter Include="作业\头文件">
      <UniqueIdentifier>{430d4274-62ba-486a-a314-22d1d2b9c32b}</UniqueIdentifier>
    </Filter>
    <Filter Include="作业\源文件">
      <UniqueIdentifier>{cbefdf89-2e43-41c3-b984-1ef96a5ccfb2}</UniqueIdentifier>
    </Filter>
    <Filter Include="线程管理">
      <UniqueIdentifier>{551b617e-be7e-4fa4-ad51-8d3e008e6ad3}</UniqueIdentifier>
    </Filter>
  </ItemGroup>
  <ItemGroup>
    <ClInclude Include="CG2018112559G.h">
      <Filter>头文件</Filter>
    </ClInclude>
    <ClInclude Include="framework.h">
      <Filter>头文件</Filter>
    </ClInclude>
    <ClInclude Include="targetver.h">
      <Filter>头文件</Filter>
    </ClInclude>
    <ClInclude Include="MainFrm.h">
      <Filter>头文件</Filter>
    </ClInclude>
    <ClInclude Include="CG2018112559GDoc.h">
      <Filter>头文件</Filter>
    </ClInclude>
    <ClInclude Include="CG2018112559GView.h">
      <Filter>头文件</Filter>
    </ClInclude>
    <ClInclude Include="Resource.h">
      <Filter>头文件</Filter>
    </ClInclude>
    <ClInclude Include="pch.h">
      <Filter>头文件</Filter>
    </ClInclude>
    <ClInclude Include="j1.2.h">
      <Filter>作业\头文件</Filter>
    </ClInclude>
    <ClInclude Include="Jhead.h">
      <Filter>作业\头文件</Filter>
    </ClInclude>
    <ClInclude Include="jBase.h">
      <Filter>作业\头文件</Filter>
    </ClInclude>
    <ClInclude Include="Jalgo.h">
      <Filter>作业\头文件</Filter>
    </ClInclude>
    <ClInclude Include="C2018112559_Lullaby.h">
      <Filter>头文件</Filter>
    </ClInclude>
    <ClInclude Include="check.h">
      <Filter>作业\头文件</Filter>
    </ClInclude>
    <ClInclude Include="j2.1.h">
      <Filter>作业\头文件</Filter>
    </ClInclude>
    <ClInclude Include="pack.h">
      <Filter>作业\头文件</Filter>
    </ClInclude>
    <ClInclude Include="DlgDynamicInputNeeds.h">
      <Filter>头文件</Filter>
    </ClInclude>
    <ClInclude Include="threadManage.h">
      <Filter>线程管理</Filter>
    </ClInclude>
  </ItemGroup>
  <ItemGroup>
    <ClCompile Include="CG2018112559G.cpp">
      <Filter>源文件</Filter>
    </ClCompile>
    <ClCompile Include="MainFrm.cpp">
      <Filter>源文件</Filter>
    </ClCompile>
    <ClCompile Include="CG2018112559GDoc.cpp">
      <Filter>源文件</Filter>
    </ClCompile>
    <ClCompile Include="CG2018112559GView.cpp">
      <Filter>源文件</Filter>
    </ClCompile>
    <ClCompile Include="pch.cpp">
      <Filter>源文件</Filter>
    </ClCompile>
    <ClCompile Include="J1.1.cpp">
      <Filter>作业\源文件</Filter>
    </ClCompile>
    <ClCompile Include="j1.2.cpp">
      <Filter>作业\源文件</Filter>
    </ClCompile>
    <ClCompile Include="jBase.cpp">
      <Filter>作业\源文件</Filter>
    </ClCompile>
    <ClCompile Include="Jalgo.cpp">
      <Filter>作业\源文件</Filter>
    </ClCompile>
    <ClCompile Include="C2018112559_Lullaby.cpp">
      <Filter>源文件</Filter>
    </ClCompile>
    <ClCompile Include="check.cpp">
      <Filter>作业\源文件</Filter>
    </ClCompile>
    <ClCompile Include="DlgDynamicInputNeeds.cpp">
      <Filter>源文件</Filter>
    </ClCompile>
  </ItemGroup>
  <ItemGroup>
    <None Include="CG2018112559G.reg" />
    <None Include="res\CG2018112559G.rc2">
      <Filter>资源文件</Filter>
    </None>
  </ItemGroup>
  <ItemGroup>
    <ResourceCompile Include="CG2018112559G.rc">
      <Filter>资源文件</Filter>
    </ResourceCompile>
  </ItemGroup>
  <ItemGroup>
    <Image Include="res\CG2018112559GDoc.ico">
      <Filter>资源文件</Filter>
    </Image>
    <Image Include="res\CG2018112559G.ico">
      <Filter>资源文件</Filter>
    </Image>
    <Image Include="res\Toolbar.bmp">
      <Filter>资源文件</Filter>
    </Image>
  </ItemGroup>
</Project>